<?xml version="1.0" encoding="utf-8"?>
<Project ToolsVersion="17.0" xmlns="http://schemas.microsoft.com/developer/msbuild/2003">
  <ItemGroup>
    <CustomBuild Include="D:\gptsandbox\algorithmLib\.build_hot_gpuverify\CMakeFiles\c51abd4a1b774f30ae5231c9a0906419\v2a0_pipeline_square_vertex_demo_stage2_gpu_tick.frag.spv.rule">
      <Filter>CMake Rules</Filter>
    </CustomBuild>
    <CustomBuild Include="D:\gptsandbox\algorithmLib\.build_hot_gpuverify\CMakeFiles\c51abd4a1b774f30ae5231c9a0906419\v2a0_pipeline_square_vertex_demo_stage2_gpu_tick.vert.spv.rule">
      <Filter>CMake Rules</Filter>
    </CustomBuild>
    <CustomBuild Include="D:\gptsandbox\algorithmLib\.build_hot_gpuverify\CMakeFiles\c51abd4a1b774f30ae5231c9a0906419\v2a0_pipeline_square_vertex_demo_stage2_result_render.frag.spv.rule">
      <Filter>CMake Rules</Filter>
    </CustomBuild>
    <CustomBuild Include="D:\gptsandbox\algorithmLib\.build_hot_gpuverify\CMakeFiles\c51abd4a1b774f30ae5231c9a0906419\v2a0_pipeline_square_vertex_demo_stage2_result_render.vert.spv.rule">
      <Filter>CMake Rules</Filter>
    </CustomBuild>
    <CustomBuild Include="D:\gptsandbox\algorithmLib\.build_hot_gpuverify\CMakeFiles\679e53efd0651416cd37de79216187d5\v2a0_pipeline_square_vertex_demo_v2a0_pipeline_square_vertex_demo_stage2_shaders.rule">
      <Filter>CMake Rules</Filter>
    </CustomBuild>
    <CustomBuild Include="D:\gptsandbox\algorithmLib\CMakeLists.txt" />
  </ItemGroup>
  <ItemGroup>
    <None Include="D:\gptsandbox\algorithmLib\.build_hot_gpuverify\CMakeFiles\v2a0_pipeline_square_vertex_demo_v2a0_pipeline_square_vertex_demo_stage2_shaders" />
  </ItemGroup>
  <ItemGroup>
    <Filter Include="CMake Rules">
      <UniqueIdentifier>{01C4B9B5-CC14-3E03-BAA0-C7FFA466D68D}</UniqueIdentifier>
    </Filter>
  </ItemGroup>
</Project>
