<?xml version="1.0" encoding="utf-8"?>
<Project ToolsVersion="17.0" xmlns="http://schemas.microsoft.com/developer/msbuild/2003">
  <ItemGroup>
    <CustomBuild Include="D:\gptsandbox\algorithmLib\.build_hot_verify\CMakeFiles\fe10f8ed6c16cb76d2a68b109786704d\v2a0_pipeline_square_vertex_demo_package.rule">
      <Filter>CMake Rules</Filter>
    </CustomBuild>
    <CustomBuild Include="D:\gptsandbox\algorithmLib\CMakeLists.txt" />
  </ItemGroup>
  <ItemGroup>
    <None Include="D:\gptsandbox\algorithmLib\.build_hot_verify\CMakeFiles\v2a0_pipeline_square_vertex_demo_package" />
  </ItemGroup>
  <ItemGroup>
    <Filter Include="CMake Rules">
      <UniqueIdentifier>{EA01D719-EC36-341E-B5CB-F12912D66A85}</UniqueIdentifier>
    </Filter>
  </ItemGroup>
</Project>
