
Microsoft Visual Studio Solution File, Format Version 12.00
# Visual Studio Version 17
Project("{8BC9CEB8-8B4A-11D0-8D11-00A0C91BC942}") = "ALL_BUILD", "ALL_BUILD.vcxproj", "{A9F11499-1B86-34CE-A0EF-06B8C1135902}"
	ProjectSection(ProjectDependencies) = postProject
		{F3770543-32B9-38A3-ABE8-7A37C2DE6804} = {F3770543-32B9-38A3-ABE8-7A37C2DE6804}
		{5C2CC864-2417-39EB-A401-66239A9BD573} = {5C2CC864-2417-39EB-A401-66239A9BD573}
		{9682BD54-91EF-3674-AE92-8FE0402F7A10} = {9682BD54-91EF-3674-AE92-8FE0402F7A10}
		{F23699F4-9677-3DE3-AF43-ED0A630BF297} = {F23699F4-9677-3DE3-AF43-ED0A630BF297}
		{9C74CDC0-EDDB-31C4-A298-BE80058A9A6A} = {9C74CDC0-EDDB-31C4-A298-BE80058A9A6A}
		{699D71F6-69EB-36A4-A8BD-8301997DFB62} = {699D71F6-69EB-36A4-A8BD-8301997DFB62}
		{16346025-F617-3520-9723-ECEEA1E6F947} = {16346025-F617-3520-9723-ECEEA1E6F947}
	EndProjectSection
EndProject
Project("{8BC9CEB8-8B4A-11D0-8D11-00A0C91BC942}") = "ZERO_CHECK", "ZERO_CHECK.vcxproj", "{F3770543-32B9-38A3-ABE8-7A37C2DE6804}"
	ProjectSection(ProjectDependencies) = postProject
	EndProjectSection
EndProject
Project("{8BC9CEB8-8B4A-11D0-8D11-00A0C91BC942}") = "algorithm_packages", "algorithm_packages.vcxproj", "{28B9A847-F9B4-3B8A-916A-AEBC749D8B05}"
	ProjectSection(ProjectDependencies) = postProject
		{F3770543-32B9-38A3-ABE8-7A37C2DE6804} = {F3770543-32B9-38A3-ABE8-7A37C2DE6804}
		{01305461-0679-3A5D-A0F0-65E27D4146D2} = {01305461-0679-3A5D-A0F0-65E27D4146D2}
		{B4CEFA9E-682A-36E8-9CED-0F0737BBB2FD} = {B4CEFA9E-682A-36E8-9CED-0F0737BBB2FD}
		{2D138268-6BAE-3D0E-9D0A-A46DE14C9900} = {2D138268-6BAE-3D0E-9D0A-A46DE14C9900}
		{8C51F150-84A4-320A-BDAA-3C8BAE90B494} = {8C51F150-84A4-320A-BDAA-3C8BAE90B494}
		{34473AB8-7C8C-3C0B-9EAD-D2D898B1FC2D} = {34473AB8-7C8C-3C0B-9EAD-D2D898B1FC2D}
		{3DD1CBF3-C2AE-3F0D-A05D-A711FB0C031E} = {3DD1CBF3-C2AE-3F0D-A05D-A711FB0C031E}
	EndProjectSection
EndProject
Project("{8BC9CEB8-8B4A-11D0-8D11-00A0C91BC942}") = "pipeline_square_vertex_demo_package", "pipeline_square_vertex_demo_package.vcxproj", "{01305461-0679-3A5D-A0F0-65E27D4146D2}"
	ProjectSection(ProjectDependencies) = postProject
		{F3770543-32B9-38A3-ABE8-7A37C2DE6804} = {F3770543-32B9-38A3-ABE8-7A37C2DE6804}
		{5C2CC864-2417-39EB-A401-66239A9BD573} = {5C2CC864-2417-39EB-A401-66239A9BD573}
		{E7436290-7090-3C1F-8E5A-CD65A4F3E00F} = {E7436290-7090-3C1F-8E5A-CD65A4F3E00F}
	EndProjectSection
EndProject
Project("{8BC9CEB8-8B4A-11D0-8D11-00A0C91BC942}") = "pipeline_square_vertex_demo_plugin", "pipeline_square_vertex_demo_plugin.vcxproj", "{5C2CC864-2417-39EB-A401-66239A9BD573}"
	ProjectSection(ProjectDependencies) = postProject
		{F3770543-32B9-38A3-ABE8-7A37C2DE6804} = {F3770543-32B9-38A3-ABE8-7A37C2DE6804}
		{E7436290-7090-3C1F-8E5A-CD65A4F3E00F} = {E7436290-7090-3C1F-8E5A-CD65A4F3E00F}
	EndProjectSection
EndProject
Project("{8BC9CEB8-8B4A-11D0-8D11-00A0C91BC942}") = "pipeline_square_vertex_demo_shaders", "pipeline_square_vertex_demo_shaders.vcxproj", "{E7436290-7090-3C1F-8E5A-CD65A4F3E00F}"
	ProjectSection(ProjectDependencies) = postProject
		{F3770543-32B9-38A3-ABE8-7A37C2DE6804} = {F3770543-32B9-38A3-ABE8-7A37C2DE6804}
	EndProjectSection
EndProject
Project("{8BC9CEB8-8B4A-11D0-8D11-00A0C91BC942}") = "pipeline_square_vertex_demo_stage1_package", "pipeline_square_vertex_demo_stage1_package.vcxproj", "{B4CEFA9E-682A-36E8-9CED-0F0737BBB2FD}"
	ProjectSection(ProjectDependencies) = postProject
		{F3770543-32B9-38A3-ABE8-7A37C2DE6804} = {F3770543-32B9-38A3-ABE8-7A37C2DE6804}
		{9682BD54-91EF-3674-AE92-8FE0402F7A10} = {9682BD54-91EF-3674-AE92-8FE0402F7A10}
		{18EC23F2-1DED-3524-8882-B9F304C95FE5} = {18EC23F2-1DED-3524-8882-B9F304C95FE5}
	EndProjectSection
EndProject
Project("{8BC9CEB8-8B4A-11D0-8D11-00A0C91BC942}") = "pipeline_square_vertex_demo_stage1_plugin", "pipeline_square_vertex_demo_stage1_plugin.vcxproj", "{9682BD54-91EF-3674-AE92-8FE0402F7A10}"
	ProjectSection(ProjectDependencies) = postProject
		{F3770543-32B9-38A3-ABE8-7A37C2DE6804} = {F3770543-32B9-38A3-ABE8-7A37C2DE6804}
		{18EC23F2-1DED-3524-8882-B9F304C95FE5} = {18EC23F2-1DED-3524-8882-B9F304C95FE5}
	EndProjectSection
EndProject
Project("{8BC9CEB8-8B4A-11D0-8D11-00A0C91BC942}") = "pipeline_square_vertex_demo_stage1_shaders", "pipeline_square_vertex_demo_stage1_shaders.vcxproj", "{18EC23F2-1DED-3524-8882-B9F304C95FE5}"
	ProjectSection(ProjectDependencies) = postProject
		{F3770543-32B9-38A3-ABE8-7A37C2DE6804} = {F3770543-32B9-38A3-ABE8-7A37C2DE6804}
	EndProjectSection
EndProject
Project("{8BC9CEB8-8B4A-11D0-8D11-00A0C91BC942}") = "pipeline_square_vertex_demo_stage2_package", "pipeline_square_vertex_demo_stage2_package.vcxproj", "{2D138268-6BAE-3D0E-9D0A-A46DE14C9900}"
	ProjectSection(ProjectDependencies) = postProject
		{F3770543-32B9-38A3-ABE8-7A37C2DE6804} = {F3770543-32B9-38A3-ABE8-7A37C2DE6804}
		{F23699F4-9677-3DE3-AF43-ED0A630BF297} = {F23699F4-9677-3DE3-AF43-ED0A630BF297}
		{AAD8BED3-4DDD-36BB-814D-190893CBC002} = {AAD8BED3-4DDD-36BB-814D-190893CBC002}
	EndProjectSection
EndProject
Project("{8BC9CEB8-8B4A-11D0-8D11-00A0C91BC942}") = "pipeline_square_vertex_demo_stage2_plugin", "pipeline_square_vertex_demo_stage2_plugin.vcxproj", "{F23699F4-9677-3DE3-AF43-ED0A630BF297}"
	ProjectSection(ProjectDependencies) = postProject
		{F3770543-32B9-38A3-ABE8-7A37C2DE6804} = {F3770543-32B9-38A3-ABE8-7A37C2DE6804}
		{AAD8BED3-4DDD-36BB-814D-190893CBC002} = {AAD8BED3-4DDD-36BB-814D-190893CBC002}
	EndProjectSection
EndProject
Project("{8BC9CEB8-8B4A-11D0-8D11-00A0C91BC942}") = "pipeline_square_vertex_demo_stage2_shaders", "pipeline_square_vertex_demo_stage2_shaders.vcxproj", "{AAD8BED3-4DDD-36BB-814D-190893CBC002}"
	ProjectSection(ProjectDependencies) = postProject
		{F3770543-32B9-38A3-ABE8-7A37C2DE6804} = {F3770543-32B9-38A3-ABE8-7A37C2DE6804}
	EndProjectSection
EndProject
Project("{8BC9CEB8-8B4A-11D0-8D11-00A0C91BC942}") = "pipeline_square_vertex_demo_stage3_package", "pipeline_square_vertex_demo_stage3_package.vcxproj", "{8C51F150-84A4-320A-BDAA-3C8BAE90B494}"
	ProjectSection(ProjectDependencies) = postProject
		{F3770543-32B9-38A3-ABE8-7A37C2DE6804} = {F3770543-32B9-38A3-ABE8-7A37C2DE6804}
		{9C74CDC0-EDDB-31C4-A298-BE80058A9A6A} = {9C74CDC0-EDDB-31C4-A298-BE80058A9A6A}
		{6107B227-C4F1-3760-950B-96058C74B0EB} = {6107B227-C4F1-3760-950B-96058C74B0EB}
	EndProjectSection
EndProject
Project("{8BC9CEB8-8B4A-11D0-8D11-00A0C91BC942}") = "pipeline_square_vertex_demo_stage3_plugin", "pipeline_square_vertex_demo_stage3_plugin.vcxproj", "{9C74CDC0-EDDB-31C4-A298-BE80058A9A6A}"
	ProjectSection(ProjectDependencies) = postProject
		{F3770543-32B9-38A3-ABE8-7A37C2DE6804} = {F3770543-32B9-38A3-ABE8-7A37C2DE6804}
		{6107B227-C4F1-3760-950B-96058C74B0EB} = {6107B227-C4F1-3760-950B-96058C74B0EB}
	EndProjectSection
EndProject
Project("{8BC9CEB8-8B4A-11D0-8D11-00A0C91BC942}") = "pipeline_square_vertex_demo_stage3_shaders", "pipeline_square_vertex_demo_stage3_shaders.vcxproj", "{6107B227-C4F1-3760-950B-96058C74B0EB}"
	ProjectSection(ProjectDependencies) = postProject
		{F3770543-32B9-38A3-ABE8-7A37C2DE6804} = {F3770543-32B9-38A3-ABE8-7A37C2DE6804}
	EndProjectSection
EndProject
Project("{8BC9CEB8-8B4A-11D0-8D11-00A0C91BC942}") = "temporary_test_line_motion_package", "temporary_test_line_motion_package.vcxproj", "{34473AB8-7C8C-3C0B-9EAD-D2D898B1FC2D}"
	ProjectSection(ProjectDependencies) = postProject
		{F3770543-32B9-38A3-ABE8-7A37C2DE6804} = {F3770543-32B9-38A3-ABE8-7A37C2DE6804}
		{699D71F6-69EB-36A4-A8BD-8301997DFB62} = {699D71F6-69EB-36A4-A8BD-8301997DFB62}
		{3047A48B-D511-3F84-85CF-2EBBA0748CE5} = {3047A48B-D511-3F84-85CF-2EBBA0748CE5}
	EndProjectSection
EndProject
Project("{8BC9CEB8-8B4A-11D0-8D11-00A0C91BC942}") = "temporary_test_line_motion_plugin", "temporary_test_line_motion_plugin.vcxproj", "{699D71F6-69EB-36A4-A8BD-8301997DFB62}"
	ProjectSection(ProjectDependencies) = postProject
		{F3770543-32B9-38A3-ABE8-7A37C2DE6804} = {F3770543-32B9-38A3-ABE8-7A37C2DE6804}
		{3047A48B-D511-3F84-85CF-2EBBA0748CE5} = {3047A48B-D511-3F84-85CF-2EBBA0748CE5}
	EndProjectSection
EndProject
Project("{8BC9CEB8-8B4A-11D0-8D11-00A0C91BC942}") = "temporary_test_line_motion_shaders", "temporary_test_line_motion_shaders.vcxproj", "{3047A48B-D511-3F84-85CF-2EBBA0748CE5}"
	ProjectSection(ProjectDependencies) = postProject
		{F3770543-32B9-38A3-ABE8-7A37C2DE6804} = {F3770543-32B9-38A3-ABE8-7A37C2DE6804}
	EndProjectSection
EndProject
Project("{8BC9CEB8-8B4A-11D0-8D11-00A0C91BC942}") = "v6a6_pbd_ball_collision_demo_package", "v6a6_pbd_ball_collision_demo_package.vcxproj", "{3DD1CBF3-C2AE-3F0D-A05D-A711FB0C031E}"
	ProjectSection(ProjectDependencies) = postProject
		{F3770543-32B9-38A3-ABE8-7A37C2DE6804} = {F3770543-32B9-38A3-ABE8-7A37C2DE6804}
		{16346025-F617-3520-9723-ECEEA1E6F947} = {16346025-F617-3520-9723-ECEEA1E6F947}
		{739C0A7A-425A-3B7D-92D5-3F0BC6163FBA} = {739C0A7A-425A-3B7D-92D5-3F0BC6163FBA}
	EndProjectSection
EndProject
Project("{8BC9CEB8-8B4A-11D0-8D11-00A0C91BC942}") = "v6a6_pbd_ball_collision_demo_plugin", "v6a6_pbd_ball_collision_demo_plugin.vcxproj", "{16346025-F617-3520-9723-ECEEA1E6F947}"
	ProjectSection(ProjectDependencies) = postProject
		{F3770543-32B9-38A3-ABE8-7A37C2DE6804} = {F3770543-32B9-38A3-ABE8-7A37C2DE6804}
		{739C0A7A-425A-3B7D-92D5-3F0BC6163FBA} = {739C0A7A-425A-3B7D-92D5-3F0BC6163FBA}
	EndProjectSection
EndProject
Project("{8BC9CEB8-8B4A-11D0-8D11-00A0C91BC942}") = "v6a6_pbd_ball_collision_demo_shaders", "v6a6_pbd_ball_collision_demo_shaders.vcxproj", "{739C0A7A-425A-3B7D-92D5-3F0BC6163FBA}"
	ProjectSection(ProjectDependencies) = postProject
		{F3770543-32B9-38A3-ABE8-7A37C2DE6804} = {F3770543-32B9-38A3-ABE8-7A37C2DE6804}
	EndProjectSection
EndProject
Global
	GlobalSection(SolutionConfigurationPlatforms) = preSolution
		Debug|x64 = Debug|x64
		Release|x64 = Release|x64
		MinSizeRel|x64 = MinSizeRel|x64
		RelWithDebInfo|x64 = RelWithDebInfo|x64
	EndGlobalSection
	GlobalSection(ProjectConfigurationPlatforms) = postSolution
		{A9F11499-1B86-34CE-A0EF-06B8C1135902}.Debug|x64.ActiveCfg = Debug|x64
		{A9F11499-1B86-34CE-A0EF-06B8C1135902}.Release|x64.ActiveCfg = Release|x64
		{A9F11499-1B86-34CE-A0EF-06B8C1135902}.MinSizeRel|x64.ActiveCfg = MinSizeRel|x64
		{A9F11499-1B86-34CE-A0EF-06B8C1135902}.RelWithDebInfo|x64.ActiveCfg = RelWithDebInfo|x64
		{F3770543-32B9-38A3-ABE8-7A37C2DE6804}.Debug|x64.ActiveCfg = Debug|x64
		{F3770543-32B9-38A3-ABE8-7A37C2DE6804}.Debug|x64.Build.0 = Debug|x64
		{F3770543-32B9-38A3-ABE8-7A37C2DE6804}.Release|x64.ActiveCfg = Release|x64
		{F3770543-32B9-38A3-ABE8-7A37C2DE6804}.Release|x64.Build.0 = Release|x64
		{F3770543-32B9-38A3-ABE8-7A37C2DE6804}.MinSizeRel|x64.ActiveCfg = MinSizeRel|x64
		{F3770543-32B9-38A3-ABE8-7A37C2DE6804}.MinSizeRel|x64.Build.0 = MinSizeRel|x64
		{F3770543-32B9-38A3-ABE8-7A37C2DE6804}.RelWithDebInfo|x64.ActiveCfg = RelWithDebInfo|x64
		{F3770543-32B9-38A3-ABE8-7A37C2DE6804}.RelWithDebInfo|x64.Build.0 = RelWithDebInfo|x64
		{28B9A847-F9B4-3B8A-916A-AEBC749D8B05}.Debug|x64.ActiveCfg = Debug|x64
		{28B9A847-F9B4-3B8A-916A-AEBC749D8B05}.Release|x64.ActiveCfg = Release|x64
		{28B9A847-F9B4-3B8A-916A-AEBC749D8B05}.MinSizeRel|x64.ActiveCfg = MinSizeRel|x64
		{28B9A847-F9B4-3B8A-916A-AEBC749D8B05}.RelWithDebInfo|x64.ActiveCfg = RelWithDebInfo|x64
		{01305461-0679-3A5D-A0F0-65E27D4146D2}.Debug|x64.ActiveCfg = Debug|x64
		{01305461-0679-3A5D-A0F0-65E27D4146D2}.Debug|x64.Build.0 = Debug|x64
		{01305461-0679-3A5D-A0F0-65E27D4146D2}.Release|x64.ActiveCfg = Release|x64
		{01305461-0679-3A5D-A0F0-65E27D4146D2}.Release|x64.Build.0 = Release|x64
		{01305461-0679-3A5D-A0F0-65E27D4146D2}.MinSizeRel|x64.ActiveCfg = MinSizeRel|x64
		{01305461-0679-3A5D-A0F0-65E27D4146D2}.MinSizeRel|x64.Build.0 = MinSizeRel|x64
		{01305461-0679-3A5D-A0F0-65E27D4146D2}.RelWithDebInfo|x64.ActiveCfg = RelWithDebInfo|x64
		{01305461-0679-3A5D-A0F0-65E27D4146D2}.RelWithDebInfo|x64.Build.0 = RelWithDebInfo|x64
		{5C2CC864-2417-39EB-A401-66239A9BD573}.Debug|x64.ActiveCfg = Debug|x64
		{5C2CC864-2417-39EB-A401-66239A9BD573}.Debug|x64.Build.0 = Debug|x64
		{5C2CC864-2417-39EB-A401-66239A9BD573}.Release|x64.ActiveCfg = Release|x64
		{5C2CC864-2417-39EB-A401-66239A9BD573}.Release|x64.Build.0 = Release|x64
		{5C2CC864-2417-39EB-A401-66239A9BD573}.MinSizeRel|x64.ActiveCfg = MinSizeRel|x64
		{5C2CC864-2417-39EB-A401-66239A9BD573}.MinSizeRel|x64.Build.0 = MinSizeRel|x64
		{5C2CC864-2417-39EB-A401-66239A9BD573}.RelWithDebInfo|x64.ActiveCfg = RelWithDebInfo|x64
		{5C2CC864-2417-39EB-A401-66239A9BD573}.RelWithDebInfo|x64.Build.0 = RelWithDebInfo|x64
		{E7436290-7090-3C1F-8E5A-CD65A4F3E00F}.Debug|x64.ActiveCfg = Debug|x64
		{E7436290-7090-3C1F-8E5A-CD65A4F3E00F}.Debug|x64.Build.0 = Debug|x64
		{E7436290-7090-3C1F-8E5A-CD65A4F3E00F}.Release|x64.ActiveCfg = Release|x64
		{E7436290-7090-3C1F-8E5A-CD65A4F3E00F}.Release|x64.Build.0 = Release|x64
		{E7436290-7090-3C1F-8E5A-CD65A4F3E00F}.MinSizeRel|x64.ActiveCfg = MinSizeRel|x64
		{E7436290-7090-3C1F-8E5A-CD65A4F3E00F}.MinSizeRel|x64.Build.0 = MinSizeRel|x64
		{E7436290-7090-3C1F-8E5A-CD65A4F3E00F}.RelWithDebInfo|x64.ActiveCfg = RelWithDebInfo|x64
		{E7436290-7090-3C1F-8E5A-CD65A4F3E00F}.RelWithDebInfo|x64.Build.0 = RelWithDebInfo|x64
		{B4CEFA9E-682A-36E8-9CED-0F0737BBB2FD}.Debug|x64.ActiveCfg = Debug|x64
		{B4CEFA9E-682A-36E8-9CED-0F0737BBB2FD}.Debug|x64.Build.0 = Debug|x64
		{B4CEFA9E-682A-36E8-9CED-0F0737BBB2FD}.Release|x64.ActiveCfg = Release|x64
		{B4CEFA9E-682A-36E8-9CED-0F0737BBB2FD}.Release|x64.Build.0 = Release|x64
		{B4CEFA9E-682A-36E8-9CED-0F0737BBB2FD}.MinSizeRel|x64.ActiveCfg = MinSizeRel|x64
		{B4CEFA9E-682A-36E8-9CED-0F0737BBB2FD}.MinSizeRel|x64.Build.0 = MinSizeRel|x64
		{B4CEFA9E-682A-36E8-9CED-0F0737BBB2FD}.RelWithDebInfo|x64.ActiveCfg = RelWithDebInfo|x64
		{B4CEFA9E-682A-36E8-9CED-0F0737BBB2FD}.RelWithDebInfo|x64.Build.0 = RelWithDebInfo|x64
		{9682BD54-91EF-3674-AE92-8FE0402F7A10}.Debug|x64.ActiveCfg = Debug|x64
		{9682BD54-91EF-3674-AE92-8FE0402F7A10}.Debug|x64.Build.0 = Debug|x64
		{9682BD54-91EF-3674-AE92-8FE0402F7A10}.Release|x64.ActiveCfg = Release|x64
		{9682BD54-91EF-3674-AE92-8FE0402F7A10}.Release|x64.Build.0 = Release|x64
		{9682BD54-91EF-3674-AE92-8FE0402F7A10}.MinSizeRel|x64.ActiveCfg = MinSizeRel|x64
		{9682BD54-91EF-3674-AE92-8FE0402F7A10}.MinSizeRel|x64.Build.0 = MinSizeRel|x64
		{9682BD54-91EF-3674-AE92-8FE0402F7A10}.RelWithDebInfo|x64.ActiveCfg = RelWithDebInfo|x64
		{9682BD54-91EF-3674-AE92-8FE0402F7A10}.RelWithDebInfo|x64.Build.0 = RelWithDebInfo|x64
		{18EC23F2-1DED-3524-8882-B9F304C95FE5}.Debug|x64.ActiveCfg = Debug|x64
		{18EC23F2-1DED-3524-8882-B9F304C95FE5}.Debug|x64.Build.0 = Debug|x64
		{18EC23F2-1DED-3524-8882-B9F304C95FE5}.Release|x64.ActiveCfg = Release|x64
		{18EC23F2-1DED-3524-8882-B9F304C95FE5}.Release|x64.Build.0 = Release|x64
		{18EC23F2-1DED-3524-8882-B9F304C95FE5}.MinSizeRel|x64.ActiveCfg = MinSizeRel|x64
		{18EC23F2-1DED-3524-8882-B9F304C95FE5}.MinSizeRel|x64.Build.0 = MinSizeRel|x64
		{18EC23F2-1DED-3524-8882-B9F304C95FE5}.RelWithDebInfo|x64.ActiveCfg = RelWithDebInfo|x64
		{18EC23F2-1DED-3524-8882-B9F304C95FE5}.RelWithDebInfo|x64.Build.0 = RelWithDebInfo|x64
		{2D138268-6BAE-3D0E-9D0A-A46DE14C9900}.Debug|x64.ActiveCfg = Debug|x64
		{2D138268-6BAE-3D0E-9D0A-A46DE14C9900}.Debug|x64.Build.0 = Debug|x64
		{2D138268-6BAE-3D0E-9D0A-A46DE14C9900}.Release|x64.ActiveCfg = Release|x64
		{2D138268-6BAE-3D0E-9D0A-A46DE14C9900}.Release|x64.Build.0 = Release|x64
		{2D138268-6BAE-3D0E-9D0A-A46DE14C9900}.MinSizeRel|x64.ActiveCfg = MinSizeRel|x64
		{2D138268-6BAE-3D0E-9D0A-A46DE14C9900}.MinSizeRel|x64.Build.0 = MinSizeRel|x64
		{2D138268-6BAE-3D0E-9D0A-A46DE14C9900}.RelWithDebInfo|x64.ActiveCfg = RelWithDebInfo|x64
		{2D138268-6BAE-3D0E-9D0A-A46DE14C9900}.RelWithDebInfo|x64.Build.0 = RelWithDebInfo|x64
		{F23699F4-9677-3DE3-AF43-ED0A630BF297}.Debug|x64.ActiveCfg = Debug|x64
		{F23699F4-9677-3DE3-AF43-ED0A630BF297}.Debug|x64.Build.0 = Debug|x64
		{F23699F4-9677-3DE3-AF43-ED0A630BF297}.Release|x64.ActiveCfg = Release|x64
		{F23699F4-9677-3DE3-AF43-ED0A630BF297}.Release|x64.Build.0 = Release|x64
		{F23699F4-9677-3DE3-AF43-ED0A630BF297}.MinSizeRel|x64.ActiveCfg = MinSizeRel|x64
		{F23699F4-9677-3DE3-AF43-ED0A630BF297}.MinSizeRel|x64.Build.0 = MinSizeRel|x64
		{F23699F4-9677-3DE3-AF43-ED0A630BF297}.RelWithDebInfo|x64.ActiveCfg = RelWithDebInfo|x64
		{F23699F4-9677-3DE3-AF43-ED0A630BF297}.RelWithDebInfo|x64.Build.0 = RelWithDebInfo|x64
		{AAD8BED3-4DDD-36BB-814D-190893CBC002}.Debug|x64.ActiveCfg = Debug|x64
		{AAD8BED3-4DDD-36BB-814D-190893CBC002}.Debug|x64.Build.0 = Debug|x64
		{AAD8BED3-4DDD-36BB-814D-190893CBC002}.Release|x64.ActiveCfg = Release|x64
		{AAD8BED3-4DDD-36BB-814D-190893CBC002}.Release|x64.Build.0 = Release|x64
		{AAD8BED3-4DDD-36BB-814D-190893CBC002}.MinSizeRel|x64.ActiveCfg = MinSizeRel|x64
		{AAD8BED3-4DDD-36BB-814D-190893CBC002}.MinSizeRel|x64.Build.0 = MinSizeRel|x64
		{AAD8BED3-4DDD-36BB-814D-190893CBC002}.RelWithDebInfo|x64.ActiveCfg = RelWithDebInfo|x64
		{AAD8BED3-4DDD-36BB-814D-190893CBC002}.RelWithDebInfo|x64.Build.0 = RelWithDebInfo|x64
		{8C51F150-84A4-320A-BDAA-3C8BAE90B494}.Debug|x64.ActiveCfg = Debug|x64
		{8C51F150-84A4-320A-BDAA-3C8BAE90B494}.Debug|x64.Build.0 = Debug|x64
		{8C51F150-84A4-320A-BDAA-3C8BAE90B494}.Release|x64.ActiveCfg = Release|x64
		{8C51F150-84A4-320A-BDAA-3C8BAE90B494}.Release|x64.Build.0 = Release|x64
		{8C51F150-84A4-320A-BDAA-3C8BAE90B494}.MinSizeRel|x64.ActiveCfg = MinSizeRel|x64
		{8C51F150-84A4-320A-BDAA-3C8BAE90B494}.MinSizeRel|x64.Build.0 = MinSizeRel|x64
		{8C51F150-84A4-320A-BDAA-3C8BAE90B494}.RelWithDebInfo|x64.ActiveCfg = RelWithDebInfo|x64
		{8C51F150-84A4-320A-BDAA-3C8BAE90B494}.RelWithDebInfo|x64.Build.0 = RelWithDebInfo|x64
		{9C74CDC0-EDDB-31C4-A298-BE80058A9A6A}.Debug|x64.ActiveCfg = Debug|x64
		{9C74CDC0-EDDB-31C4-A298-BE80058A9A6A}.Debug|x64.Build.0 = Debug|x64
		{9C74CDC0-EDDB-31C4-A298-BE80058A9A6A}.Release|x64.ActiveCfg = Release|x64
		{9C74CDC0-EDDB-31C4-A298-BE80058A9A6A}.Release|x64.Build.0 = Release|x64
		{9C74CDC0-EDDB-31C4-A298-BE80058A9A6A}.MinSizeRel|x64.ActiveCfg = MinSizeRel|x64
		{9C74CDC0-EDDB-31C4-A298-BE80058A9A6A}.MinSizeRel|x64.Build.0 = MinSizeRel|x64
		{9C74CDC0-EDDB-31C4-A298-BE80058A9A6A}.RelWithDebInfo|x64.ActiveCfg = RelWithDebInfo|x64
		{9C74CDC0-EDDB-31C4-A298-BE80058A9A6A}.RelWithDebInfo|x64.Build.0 = RelWithDebInfo|x64
		{6107B227-C4F1-3760-950B-96058C74B0EB}.Debug|x64.ActiveCfg = Debug|x64
		{6107B227-C4F1-3760-950B-96058C74B0EB}.Debug|x64.Build.0 = Debug|x64
		{6107B227-C4F1-3760-950B-96058C74B0EB}.Release|x64.ActiveCfg = Release|x64
		{6107B227-C4F1-3760-950B-96058C74B0EB}.Release|x64.Build.0 = Release|x64
		{6107B227-C4F1-3760-950B-96058C74B0EB}.MinSizeRel|x64.ActiveCfg = MinSizeRel|x64
		{6107B227-C4F1-3760-950B-96058C74B0EB}.MinSizeRel|x64.Build.0 = MinSizeRel|x64
		{6107B227-C4F1-3760-950B-96058C74B0EB}.RelWithDebInfo|x64.ActiveCfg = RelWithDebInfo|x64
		{6107B227-C4F1-3760-950B-96058C74B0EB}.RelWithDebInfo|x64.Build.0 = RelWithDebInfo|x64
		{34473AB8-7C8C-3C0B-9EAD-D2D898B1FC2D}.Debug|x64.ActiveCfg = Debug|x64
		{34473AB8-7C8C-3C0B-9EAD-D2D898B1FC2D}.Debug|x64.Build.0 = Debug|x64
		{34473AB8-7C8C-3C0B-9EAD-D2D898B1FC2D}.Release|x64.ActiveCfg = Release|x64
		{34473AB8-7C8C-3C0B-9EAD-D2D898B1FC2D}.Release|x64.Build.0 = Release|x64
		{34473AB8-7C8C-3C0B-9EAD-D2D898B1FC2D}.MinSizeRel|x64.ActiveCfg = MinSizeRel|x64
		{34473AB8-7C8C-3C0B-9EAD-D2D898B1FC2D}.MinSizeRel|x64.Build.0 = MinSizeRel|x64
		{34473AB8-7C8C-3C0B-9EAD-D2D898B1FC2D}.RelWithDebInfo|x64.ActiveCfg = RelWithDebInfo|x64
		{34473AB8-7C8C-3C0B-9EAD-D2D898B1FC2D}.RelWithDebInfo|x64.Build.0 = RelWithDebInfo|x64
		{699D71F6-69EB-36A4-A8BD-8301997DFB62}.Debug|x64.ActiveCfg = Debug|x64
		{699D71F6-69EB-36A4-A8BD-8301997DFB62}.Debug|x64.Build.0 = Debug|x64
		{699D71F6-69EB-36A4-A8BD-8301997DFB62}.Release|x64.ActiveCfg = Release|x64
		{699D71F6-69EB-36A4-A8BD-8301997DFB62}.Release|x64.Build.0 = Release|x64
		{699D71F6-69EB-36A4-A8BD-8301997DFB62}.MinSizeRel|x64.ActiveCfg = MinSizeRel|x64
		{699D71F6-69EB-36A4-A8BD-8301997DFB62}.MinSizeRel|x64.Build.0 = MinSizeRel|x64
		{699D71F6-69EB-36A4-A8BD-8301997DFB62}.RelWithDebInfo|x64.ActiveCfg = RelWithDebInfo|x64
		{699D71F6-69EB-36A4-A8BD-8301997DFB62}.RelWithDebInfo|x64.Build.0 = RelWithDebInfo|x64
		{3047A48B-D511-3F84-85CF-2EBBA0748CE5}.Debug|x64.ActiveCfg = Debug|x64
		{3047A48B-D511-3F84-85CF-2EBBA0748CE5}.Debug|x64.Build.0 = Debug|x64
		{3047A48B-D511-3F84-85CF-2EBBA0748CE5}.Release|x64.ActiveCfg = Release|x64
		{3047A48B-D511-3F84-85CF-2EBBA0748CE5}.Release|x64.Build.0 = Release|x64
		{3047A48B-D511-3F84-85CF-2EBBA0748CE5}.MinSizeRel|x64.ActiveCfg = MinSizeRel|x64
		{3047A48B-D511-3F84-85CF-2EBBA0748CE5}.MinSizeRel|x64.Build.0 = MinSizeRel|x64
		{3047A48B-D511-3F84-85CF-2EBBA0748CE5}.RelWithDebInfo|x64.ActiveCfg = RelWithDebInfo|x64
		{3047A48B-D511-3F84-85CF-2EBBA0748CE5}.RelWithDebInfo|x64.Build.0 = RelWithDebInfo|x64
		{3DD1CBF3-C2AE-3F0D-A05D-A711FB0C031E}.Debug|x64.ActiveCfg = Debug|x64
		{3DD1CBF3-C2AE-3F0D-A05D-A711FB0C031E}.Debug|x64.Build.0 = Debug|x64
		{3DD1CBF3-C2AE-3F0D-A05D-A711FB0C031E}.Release|x64.ActiveCfg = Release|x64
		{3DD1CBF3-C2AE-3F0D-A05D-A711FB0C031E}.Release|x64.Build.0 = Release|x64
		{3DD1CBF3-C2AE-3F0D-A05D-A711FB0C031E}.MinSizeRel|x64.ActiveCfg = MinSizeRel|x64
		{3DD1CBF3-C2AE-3F0D-A05D-A711FB0C031E}.MinSizeRel|x64.Build.0 = MinSizeRel|x64
		{3DD1CBF3-C2AE-3F0D-A05D-A711FB0C031E}.RelWithDebInfo|x64.ActiveCfg = RelWithDebInfo|x64
		{3DD1CBF3-C2AE-3F0D-A05D-A711FB0C031E}.RelWithDebInfo|x64.Build.0 = RelWithDebInfo|x64
		{16346025-F617-3520-9723-ECEEA1E6F947}.Debug|x64.ActiveCfg = Debug|x64
		{16346025-F617-3520-9723-ECEEA1E6F947}.Debug|x64.Build.0 = Debug|x64
		{16346025-F617-3520-9723-ECEEA1E6F947}.Release|x64.ActiveCfg = Release|x64
		{16346025-F617-3520-9723-ECEEA1E6F947}.Release|x64.Build.0 = Release|x64
		{16346025-F617-3520-9723-ECEEA1E6F947}.MinSizeRel|x64.ActiveCfg = MinSizeRel|x64
		{16346025-F617-3520-9723-ECEEA1E6F947}.MinSizeRel|x64.Build.0 = MinSizeRel|x64
		{16346025-F617-3520-9723-ECEEA1E6F947}.RelWithDebInfo|x64.ActiveCfg = RelWithDebInfo|x64
		{16346025-F617-3520-9723-ECEEA1E6F947}.RelWithDebInfo|x64.Build.0 = RelWithDebInfo|x64
		{739C0A7A-425A-3B7D-92D5-3F0BC6163FBA}.Debug|x64.ActiveCfg = Debug|x64
		{739C0A7A-425A-3B7D-92D5-3F0BC6163FBA}.Debug|x64.Build.0 = Debug|x64
		{739C0A7A-425A-3B7D-92D5-3F0BC6163FBA}.Release|x64.ActiveCfg = Release|x64
		{739C0A7A-425A-3B7D-92D5-3F0BC6163FBA}.Release|x64.Build.0 = Release|x64
		{739C0A7A-425A-3B7D-92D5-3F0BC6163FBA}.MinSizeRel|x64.ActiveCfg = MinSizeRel|x64
		{739C0A7A-425A-3B7D-92D5-3F0BC6163FBA}.MinSizeRel|x64.Build.0 = MinSizeRel|x64
		{739C0A7A-425A-3B7D-92D5-3F0BC6163FBA}.RelWithDebInfo|x64.ActiveCfg = RelWithDebInfo|x64
		{739C0A7A-425A-3B7D-92D5-3F0BC6163FBA}.RelWithDebInfo|x64.Build.0 = RelWithDebInfo|x64
	EndGlobalSection
	GlobalSection(ExtensibilityGlobals) = postSolution
		SolutionGuid = {D0BC9E7E-4052-38BF-BEC0-4C2DAFC18846}
	EndGlobalSection
	GlobalSection(ExtensibilityAddIns) = postSolution
	EndGlobalSection
EndGlobal
