<?xml version="1.0" encoding="utf-8"?>
<Project ToolsVersion="17.0" xmlns="http://schemas.microsoft.com/developer/msbuild/2003">
  <ItemGroup>
    <CustomBuild Include="D:\gptsandbox\algorithmLib\.build_hot_all\CMakeFiles\fb4dfc58c520b11b9d7ed9f0804506a9\v6a6_pbd_ball_collision_demo_after_tick.frag.spv.rule">
      <Filter>CMake Rules</Filter>
    </CustomBuild>
    <CustomBuild Include="D:\gptsandbox\algorithmLib\.build_hot_all\CMakeFiles\fb4dfc58c520b11b9d7ed9f0804506a9\v6a6_pbd_ball_collision_demo_after_tick.vert.spv.rule">
      <Filter>CMake Rules</Filter>
    </CustomBuild>
    <CustomBuild Include="D:\gptsandbox\algorithmLib\.build_hot_all\CMakeFiles\fb4dfc58c520b11b9d7ed9f0804506a9\v6a6_pbd_ball_collision_demo_result_render.frag.spv.rule">
      <Filter>CMake Rules</Filter>
    </CustomBuild>
    <CustomBuild Include="D:\gptsandbox\algorithmLib\.build_hot_all\CMakeFiles\fb4dfc58c520b11b9d7ed9f0804506a9\v6a6_pbd_ball_collision_demo_result_render.vert.spv.rule">
      <Filter>CMake Rules</Filter>
    </CustomBuild>
    <CustomBuild Include="D:\gptsandbox\algorithmLib\.build_hot_all\CMakeFiles\31dfb29e7a6abc63be562f6d396d8d98\v6a6_pbd_ball_collision_demo_shaders.rule">
      <Filter>CMake Rules</Filter>
    </CustomBuild>
    <CustomBuild Include="D:\gptsandbox\algorithmLib\CMakeLists.txt" />
  </ItemGroup>
  <ItemGroup>
    <None Include="D:\gptsandbox\algorithmLib\.build_hot_all\CMakeFiles\v6a6_pbd_ball_collision_demo_shaders" />
  </ItemGroup>
  <ItemGroup>
    <Filter Include="CMake Rules">
      <UniqueIdentifier>{447C892B-99FB-300F-B97D-BA0722763B04}</UniqueIdentifier>
    </Filter>
  </ItemGroup>
</Project>
