<?xml version="1.0" encoding="utf-8"?>
<Project ToolsVersion="17.0" xmlns="http://schemas.microsoft.com/developer/msbuild/2003">
  <ItemGroup>
    <CustomBuild Include="D:\gptsandbox\algorithmLib\.build_hot_all\CMakeFiles\31dfb29e7a6abc63be562f6d396d8d98\generate.stamp.rule">
      <Filter>CMake Rules</Filter>
    </CustomBuild>
  </ItemGroup>
  <ItemGroup>
    <Filter Include="CMake Rules">
      <UniqueIdentifier>{447C892B-99FB-300F-B97D-BA0722763B04}</UniqueIdentifier>
    </Filter>
  </ItemGroup>
</Project>
